// !$*UTF8*$!
{
	archiveVersion = 1;
	classes = {
	};
	objectVersion = 46;
	objects = {

/* Begin PBXBuildFile section */
		05671AF21D1AFDCC00A2BAAB /* 对ReactiveCocoa的一些理解.md in Sources */ = {isa = PBXBuildFile; fileRef = 05671AF11D1AFDCC00A2BAAB /* 对ReactiveCocoa的一些理解.md */; };
		BC1E46BC1B88B99700838AEF /* main.m in Sources */ = {isa = PBXBuildFile; fileRef = BC1E46BB1B88B99700838AEF /* main.m */; };
		BC1E46BF1B88B99700838AEF /* AppDelegate.m in Sources */ = {isa = PBXBuildFile; fileRef = BC1E46BE1B88B99700838AEF /* AppDelegate.m */; };
		BC1E46C21B88B99700838AEF /* RACController.m in Sources */ = {isa = PBXBuildFile; fileRef = BC1E46C11B88B99700838AEF /* RACController.m */; };
		BC1E46C51B88B99700838AEF /* Main.storyboard in Resources */ = {isa = PBXBuildFile; fileRef = BC1E46C31B88B99700838AEF /* Main.storyboard */; };
		BC1E46C71B88B99700838AEF /* Images.xcassets in Resources */ = {isa = PBXBuildFile; fileRef = BC1E46C61B88B99700838AEF /* Images.xcassets */; };
		BC1E46CA1B88B99700838AEF /* LaunchScreen.xib in Resources */ = {isa = PBXBuildFile; fileRef = BC1E46C81B88B99700838AEF /* LaunchScreen.xib */; };
		BC1E46D61B88B99700838AEF /* ReactiveCocoaDemoTests.m in Sources */ = {isa = PBXBuildFile; fileRef = BC1E46D51B88B99700838AEF /* ReactiveCocoaDemoTests.m */; };
		BC486D231D4F021C00F6C53B /* TableViewController.m in Sources */ = {isa = PBXBuildFile; fileRef = BC486D221D4F021C00F6C53B /* TableViewController.m */; };
		BC82FCA81C2ABC6B0095E665 /* CommandController.m in Sources */ = {isa = PBXBuildFile; fileRef = BC82FCA71C2ABC6B0095E665 /* CommandController.m */; };
		BCE3E4371C2C0B47000A343A /* PushController.m in Sources */ = {isa = PBXBuildFile; fileRef = BCE3E4361C2C0B47000A343A /* PushController.m */; };
		BCFE568B1C25CD7F00DD5604 /* ZDAFNetWorkHelper.m in Sources */ = {isa = PBXBuildFile; fileRef = BCFE568A1C25CD7F00DD5604 /* ZDAFNetWorkHelper.m */; };
		BCFE568D1C25CF1500DD5604 /* RAC使用.txt in Resources */ = {isa = PBXBuildFile; fileRef = BCFE568C1C25CF1500DD5604 /* RAC使用.txt */; };
		FA4D2CAABEA40DB4CFDDE282 /* libPods-ReactiveCocoaDemo.a in Frameworks */ = {isa = PBXBuildFile; fileRef = 33CC510B58DD2AC2C644D94D /* libPods-ReactiveCocoaDemo.a */; };
/* End PBXBuildFile section */

/* Begin PBXContainerItemProxy section */
		BC1E46D01B88B99700838AEF /* PBXContainerItemProxy */ = {
			isa = PBXContainerItemProxy;
			containerPortal = BC1E46AE1B88B99700838AEF /* Project object */;
			proxyType = 1;
			remoteGlobalIDString = BC1E46B51B88B99700838AEF;
			remoteInfo = ReactiveCocoaDemo;
		};
/* End PBXContainerItemProxy section */

/* Begin PBXFileReference section */
		05671AF11D1AFDCC00A2BAAB /* 对ReactiveCocoa的一些理解.md */ = {isa = PBXFileReference; fileEncoding = 4; lastKnownFileType = net.daringfireball.markdown; path = "对ReactiveCocoa的一些理解.md"; sourceTree = "<group>"; };
		33CC510B58DD2AC2C644D94D /* libPods-ReactiveCocoaDemo.a */ = {isa = PBXFileReference; explicitFileType = archive.ar; includeInIndex = 0; path = "libPods-ReactiveCocoaDemo.a"; sourceTree = BUILT_PRODUCTS_DIR; };
		36E117903DF9890BCD5B707E /* Pods.framework */ = {isa = PBXFileReference; explicitFileType = wrapper.framework; includeInIndex = 0; path = Pods.framework; sourceTree = BUILT_PRODUCTS_DIR; };
		BC1E46B61B88B99700838AEF /* ReactiveCocoaDemo.app */ = {isa = PBXFileReference; explicitFileType = wrapper.application; includeInIndex = 0; path = ReactiveCocoaDemo.app; sourceTree = BUILT_PRODUCTS_DIR; };
		BC1E46BA1B88B99700838AEF /* Info.plist */ = {isa = PBXFileReference; lastKnownFileType = text.plist.xml; path = Info.plist; sourceTree = "<group>"; };
		BC1E46BB1B88B99700838AEF /* main.m */ = {isa = PBXFileReference; lastKnownFileType = sourcecode.c.objc; path = main.m; sourceTree = "<group>"; };
		BC1E46BD1B88B99700838AEF /* AppDelegate.h */ = {isa = PBXFileReference; lastKnownFileType = sourcecode.c.h; path = AppDelegate.h; sourceTree = "<group>"; };
		BC1E46BE1B88B99700838AEF /* AppDelegate.m */ = {isa = PBXFileReference; lastKnownFileType = sourcecode.c.objc; path = AppDelegate.m; sourceTree = "<group>"; };
		BC1E46C01B88B99700838AEF /* RACController.h */ = {isa = PBXFileReference; lastKnownFileType = sourcecode.c.h; path = RACController.h; sourceTree = "<group>"; };
		BC1E46C11B88B99700838AEF /* RACController.m */ = {isa = PBXFileReference; lastKnownFileType = sourcecode.c.objc; path = RACController.m; sourceTree = "<group>"; };
		BC1E46C41B88B99700838AEF /* Base */ = {isa = PBXFileReference; lastKnownFileType = file.storyboard; name = Base; path = Base.lproj/Main.storyboard; sourceTree = "<group>"; };
		BC1E46C61B88B99700838AEF /* Images.xcassets */ = {isa = PBXFileReference; lastKnownFileType = folder.assetcatalog; path = Images.xcassets; sourceTree = "<group>"; };
		BC1E46C91B88B99700838AEF /* Base */ = {isa = PBXFileReference; lastKnownFileType = file.xib; name = Base; path = Base.lproj/LaunchScreen.xib; sourceTree = "<group>"; };
		BC1E46CF1B88B99700838AEF /* ReactiveCocoaDemoTests.xctest */ = {isa = PBXFileReference; explicitFileType = wrapper.cfbundle; includeInIndex = 0; path = ReactiveCocoaDemoTests.xctest; sourceTree = BUILT_PRODUCTS_DIR; };
		BC1E46D41B88B99700838AEF /* Info.plist */ = {isa = PBXFileReference; lastKnownFileType = text.plist.xml; path = Info.plist; sourceTree = "<group>"; };
		BC1E46D51B88B99700838AEF /* ReactiveCocoaDemoTests.m */ = {isa = PBXFileReference; lastKnownFileType = sourcecode.c.objc; path = ReactiveCocoaDemoTests.m; sourceTree = "<group>"; };
		BC486D211D4F021C00F6C53B /* TableViewController.h */ = {isa = PBXFileReference; fileEncoding = 4; lastKnownFileType = sourcecode.c.h; path = TableViewController.h; sourceTree = "<group>"; };
		BC486D221D4F021C00F6C53B /* TableViewController.m */ = {isa = PBXFileReference; fileEncoding = 4; lastKnownFileType = sourcecode.c.objc; path = TableViewController.m; sourceTree = "<group>"; };
		BC82FCA61C2ABC6B0095E665 /* CommandController.h */ = {isa = PBXFileReference; fileEncoding = 4; lastKnownFileType = sourcecode.c.h; path = CommandController.h; sourceTree = "<group>"; };
		BC82FCA71C2ABC6B0095E665 /* CommandController.m */ = {isa = PBXFileReference; fileEncoding = 4; lastKnownFileType = sourcecode.c.objc; path = CommandController.m; sourceTree = "<group>"; };
		BCE3E4351C2C0B47000A343A /* PushController.h */ = {isa = PBXFileReference; fileEncoding = 4; lastKnownFileType = sourcecode.c.h; path = PushController.h; sourceTree = "<group>"; };
		BCE3E4361C2C0B47000A343A /* PushController.m */ = {isa = PBXFileReference; fileEncoding = 4; lastKnownFileType = sourcecode.c.objc; path = PushController.m; sourceTree = "<group>"; };
		BCFE56891C25CD7F00DD5604 /* ZDAFNetWorkHelper.h */ = {isa = PBXFileReference; fileEncoding = 4; lastKnownFileType = sourcecode.c.h; path = ZDAFNetWorkHelper.h; sourceTree = "<group>"; };
		BCFE568A1C25CD7F00DD5604 /* ZDAFNetWorkHelper.m */ = {isa = PBXFileReference; fileEncoding = 4; lastKnownFileType = sourcecode.c.objc; path = ZDAFNetWorkHelper.m; sourceTree = "<group>"; };
		BCFE568C1C25CF1500DD5604 /* RAC使用.txt */ = {isa = PBXFileReference; fileEncoding = 4; lastKnownFileType = text; path = "RAC使用.txt"; sourceTree = "<group>"; };
		CA14E16FA232FD61FCAE838B /* Pods-ReactiveCocoaDemo.release.xcconfig */ = {isa = PBXFileReference; includeInIndex = 1; lastKnownFileType = text.xcconfig; name = "Pods-ReactiveCocoaDemo.release.xcconfig"; path = "Pods/Target Support Files/Pods-ReactiveCocoaDemo/Pods-ReactiveCocoaDemo.release.xcconfig"; sourceTree = "<group>"; };
		E75AFE70085149D2DC735C1F /* Pods-ReactiveCocoaDemo.debug.xcconfig */ = {isa = PBXFileReference; includeInIndex = 1; lastKnownFileType = text.xcconfig; name = "Pods-ReactiveCocoaDemo.debug.xcconfig"; path = "Pods/Target Support Files/Pods-ReactiveCocoaDemo/Pods-ReactiveCocoaDemo.debug.xcconfig"; sourceTree = "<group>"; };
/* End PBXFileReference section */

/* Begin PBXFrameworksBuildPhase section */
		BC1E46B31B88B99700838AEF /* Frameworks */ = {
			isa = PBXFrameworksBuildPhase;
			buildActionMask = 2147483647;
			files = (
				FA4D2CAABEA40DB4CFDDE282 /* libPods-ReactiveCocoaDemo.a in Frameworks */,
			);
			runOnlyForDeploymentPostprocessing = 0;
		};
		BC1E46CC1B88B99700838AEF /* Frameworks */ = {
			isa = PBXFrameworksBuildPhase;
			buildActionMask = 2147483647;
			files = (
			);
			runOnlyForDeploymentPostprocessing = 0;
		};
/* End PBXFrameworksBuildPhase section */

/* Begin PBXGroup section */
		17CB022CE7646A0A0364A12C /* Frameworks */ = {
			isa = PBXGroup;
			children = (
				36E117903DF9890BCD5B707E /* Pods.framework */,
				33CC510B58DD2AC2C644D94D /* libPods-ReactiveCocoaDemo.a */,
			);
			name = Frameworks;
			sourceTree = "<group>";
		};
		6B101DCFAAE9CF113EB1F623 /* Pods */ = {
			isa = PBXGroup;
			children = (
				E75AFE70085149D2DC735C1F /* Pods-ReactiveCocoaDemo.debug.xcconfig */,
				CA14E16FA232FD61FCAE838B /* Pods-ReactiveCocoaDemo.release.xcconfig */,
			);
			name = Pods;
			sourceTree = "<group>";
		};
		BC1E46AD1B88B99700838AEF = {
			isa = PBXGroup;
			children = (
				05671AF11D1AFDCC00A2BAAB /* 对ReactiveCocoa的一些理解.md */,
				BCFE568C1C25CF1500DD5604 /* RAC使用.txt */,
				BCFE56881C25CD7F00DD5604 /* ZDAFNetWorkHelper */,
				BC1E46B81B88B99700838AEF /* ReactiveCocoaDemo */,
				BC1E46D21B88B99700838AEF /* ReactiveCocoaDemoTests */,
				BC1E46B71B88B99700838AEF /* Products */,
				17CB022CE7646A0A0364A12C /* Frameworks */,
				6B101DCFAAE9CF113EB1F623 /* Pods */,
			);
			sourceTree = "<group>";
		};
		BC1E46B71B88B99700838AEF /* Products */ = {
			isa = PBXGroup;
			children = (
				BC1E46B61B88B99700838AEF /* ReactiveCocoaDemo.app */,
				BC1E46CF1B88B99700838AEF /* ReactiveCocoaDemoTests.xctest */,
			);
			name = Products;
			sourceTree = "<group>";
		};
		BC1E46B81B88B99700838AEF /* ReactiveCocoaDemo */ = {
			isa = PBXGroup;
			children = (
				BC1E46BD1B88B99700838AEF /* AppDelegate.h */,
				BC1E46BE1B88B99700838AEF /* AppDelegate.m */,
				BC486D211D4F021C00F6C53B /* TableViewController.h */,
				BC486D221D4F021C00F6C53B /* TableViewController.m */,
				BC1E46C01B88B99700838AEF /* RACController.h */,
				BC1E46C11B88B99700838AEF /* RACController.m */,
				BCE3E4351C2C0B47000A343A /* PushController.h */,
				BCE3E4361C2C0B47000A343A /* PushController.m */,
				BC82FCA61C2ABC6B0095E665 /* CommandController.h */,
				BC82FCA71C2ABC6B0095E665 /* CommandController.m */,
				BC1E46C31B88B99700838AEF /* Main.storyboard */,
				BC1E46C61B88B99700838AEF /* Images.xcassets */,
				BC1E46C81B88B99700838AEF /* LaunchScreen.xib */,
				BC1E46B91B88B99700838AEF /* Supporting Files */,
			);
			path = ReactiveCocoaDemo;
			sourceTree = "<group>";
		};
		BC1E46B91B88B99700838AEF /* Supporting Files */ = {
			isa = PBXGroup;
			children = (
				BC1E46BA1B88B99700838AEF /* Info.plist */,
				BC1E46BB1B88B99700838AEF /* main.m */,
			);
			name = "Supporting Files";
			sourceTree = "<group>";
		};
		BC1E46D21B88B99700838AEF /* ReactiveCocoaDemoTests */ = {
			isa = PBXGroup;
			children = (
				BC1E46D51B88B99700838AEF /* ReactiveCocoaDemoTests.m */,
				BC1E46D31B88B99700838AEF /* Supporting Files */,
			);
			path = ReactiveCocoaDemoTests;
			sourceTree = "<group>";
		};
		BC1E46D31B88B99700838AEF /* Supporting Files */ = {
			isa = PBXGroup;
			children = (
				BC1E46D41B88B99700838AEF /* Info.plist */,
			);
			name = "Supporting Files";
			sourceTree = "<group>";
		};
		BCFE56881C25CD7F00DD5604 /* ZDAFNetWorkHelper */ = {
			isa = PBXGroup;
			children = (
				BCFE56891C25CD7F00DD5604 /* ZDAFNetWorkHelper.h */,
				BCFE568A1C25CD7F00DD5604 /* ZDAFNetWorkHelper.m */,
			);
			path = ZDAFNetWorkHelper;
			sourceTree = "<group>";
		};
/* End PBXGroup section */

/* Begin PBXNativeTarget section */
		BC1E46B51B88B99700838AEF /* ReactiveCocoaDemo */ = {
			isa = PBXNativeTarget;
			buildConfigurationList = BC1E46D91B88B99700838AEF /* Build configuration list for PBXNativeTarget "ReactiveCocoaDemo" */;
			buildPhases = (
				5C23E4883C36327C35E6DC43 /* [CP] Check Pods Manifest.lock */,
				BC1E46B21B88B99700838AEF /* Sources */,
				BC1E46B31B88B99700838AEF /* Frameworks */,
				BC1E46B41B88B99700838AEF /* Resources */,
				F8CB8CB3FD87262874177793 /* [CP] Embed Pods Frameworks */,
				C4DB04D857D0821BC765220B /* [CP] Copy Pods Resources */,
			);
			buildRules = (
			);
			dependencies = (
			);
			name = ReactiveCocoaDemo;
			productName = ReactiveCocoaDemo;
			productReference = BC1E46B61B88B99700838AEF /* ReactiveCocoaDemo.app */;
			productType = "com.apple.product-type.application";
		};
		BC1E46CE1B88B99700838AEF /* ReactiveCocoaDemoTests */ = {
			isa = PBXNativeTarget;
			buildConfigurationList = BC1E46DC1B88B99700838AEF /* Build configuration list for PBXNativeTarget "ReactiveCocoaDemoTests" */;
			buildPhases = (
				BC1E46CB1B88B99700838AEF /* Sources */,
				BC1E46CC1B88B99700838AEF /* Frameworks */,
				BC1E46CD1B88B99700838AEF /* Resources */,
			);
			buildRules = (
			);
			dependencies = (
				BC1E46D11B88B99700838AEF /* PBXTargetDependency */,
			);
			name = ReactiveCocoaDemoTests;
			productName = ReactiveCocoaDemoTests;
			productReference = BC1E46CF1B88B99700838AEF /* ReactiveCocoaDemoTests.xctest */;
			productType = "com.apple.product-type.bundle.unit-test";
		};
/* End PBXNativeTarget section */

/* Begin PBXProject section */
		BC1E46AE1B88B99700838AEF /* Project object */ = {
			isa = PBXProject;
			attributes = {
				LastUpgradeCheck = 0720;
				ORGANIZATIONNAME = zd;
				TargetAttributes = {
					BC1E46B51B88B99700838AEF = {
						CreatedOnToolsVersion = 6.4;
					};
					BC1E46CE1B88B99700838AEF = {
						CreatedOnToolsVersion = 6.4;
						TestTargetID = BC1E46B51B88B99700838AEF;
					};
				};
			};
			buildConfigurationList = BC1E46B11B88B99700838AEF /* Build configuration list for PBXProject "ReactiveCocoaDemo" */;
			compatibilityVersion = "Xcode 3.2";
			developmentRegion = English;
			hasScannedForEncodings = 0;
			knownRegions = (
				en,
				Base,
			);
			mainGroup = BC1E46AD1B88B99700838AEF;
			productRefGroup = BC1E46B71B88B99700838AEF /* Products */;
			projectDirPath = "";
			projectRoot = "";
			targets = (
				BC1E46B51B88B99700838AEF /* ReactiveCocoaDemo */,
				BC1E46CE1B88B99700838AEF /* ReactiveCocoaDemoTests */,
			);
		};
/* End PBXProject section */

/* Begin PBXResourcesBuildPhase section */
		BC1E46B41B88B99700838AEF /* Resources */ = {
			isa = PBXResourcesBuildPhase;
			buildActionMask = 2147483647;
			files = (
				BCFE568D1C25CF1500DD5604 /* RAC使用.txt in Resources */,
				BC1E46C51B88B99700838AEF /* Main.storyboard in Resources */,
				BC1E46CA1B88B99700838AEF /* LaunchScreen.xib in Resources */,
				BC1E46C71B88B99700838AEF /* Images.xcassets in Resources */,
			);
			runOnlyForDeploymentPostprocessing = 0;
		};
		BC1E46CD1B88B99700838AEF /* Resources */ = {
			isa = PBXResourcesBuildPhase;
			buildActionMask = 2147483647;
			files = (
			);
			runOnlyForDeploymentPostprocessing = 0;
		};
/* End PBXResourcesBuildPhase section */

/* Begin PBXShellScriptBuildPhase section */
		5C23E4883C36327C35E6DC43 /* [CP] Check Pods Manifest.lock */ = {
			isa = PBXShellScriptBuildPhase;
			buildActionMask = 2147483647;
			files = (
			);
			inputPaths = (
			);
			name = "[CP] Check Pods Manifest.lock";
			outputPaths = (
			);
			runOnlyForDeploymentPostprocessing = 0;
			shellPath = /bin/sh;
			shellScript = "diff \"${PODS_ROOT}/../Podfile.lock\" \"${PODS_ROOT}/Manifest.lock\" > /dev/null\nif [[ $? != 0 ]] ; then\n    cat << EOM\nerror: The sandbox is not in sync with the Podfile.lock. Run 'pod install' or update your CocoaPods installation.\nEOM\n    exit 1\nfi\n";
			showEnvVarsInLog = 0;
		};
		C4DB04D857D0821BC765220B /* [CP] Copy Pods Resources */ = {
			isa = PBXShellScriptBuildPhase;
			buildActionMask = 2147483647;
			files = (
			);
			inputPaths = (
			);
			name = "[CP] Copy Pods Resources";
			outputPaths = (
			);
			runOnlyForDeploymentPostprocessing = 0;
			shellPath = /bin/sh;
			shellScript = "\"${SRCROOT}/Pods/Target Support Files/Pods-ReactiveCocoaDemo/Pods-ReactiveCocoaDemo-resources.sh\"\n";
			showEnvVarsInLog = 0;
		};
		F8CB8CB3FD87262874177793 /* [CP] Embed Pods Frameworks */ = {
			isa = PBXShellScriptBuildPhase;
			buildActionMask = 2147483647;
			files = (
			);
			inputPaths = (
			);
			name = "[CP] Embed Pods Frameworks";
			outputPaths = (
			);
			runOnlyForDeploymentPostprocessing = 0;
			shellPath = /bin/sh;
			shellScript = "\"${SRCROOT}/Pods/Target Support Files/Pods-ReactiveCocoaDemo/Pods-ReactiveCocoaDemo-frameworks.sh\"\n";
			showEnvVarsInLog = 0;
		};
/* End PBXShellScriptBuildPhase section */

/* Begin PBXSourcesBuildPhase section */
		BC1E46B21B88B99700838AEF /* Sources */ = {
			isa = PBXSourcesBuildPhase;
			buildActionMask = 2147483647;
			files = (
				BC1E46C21B88B99700838AEF /* RACController.m in Sources */,
				BCE3E4371C2C0B47000A343A /* PushController.m in Sources */,
				05671AF21D1AFDCC00A2BAAB /* 对ReactiveCocoa的一些理解.md in Sources */,
				BCFE568B1C25CD7F00DD5604 /* ZDAFNetWorkHelper.m in Sources */,
				BC1E46BF1B88B99700838AEF /* AppDelegate.m in Sources */,
				BC1E46BC1B88B99700838AEF /* main.m in Sources */,
				BC82FCA81C2ABC6B0095E665 /* CommandController.m in Sources */,
				BC486D231D4F021C00F6C53B /* TableViewController.m in Sources */,
			);
			runOnlyForDeploymentPostprocessing = 0;
		};
		BC1E46CB1B88B99700838AEF /* Sources */ = {
			isa = PBXSourcesBuildPhase;
			buildActionMask = 2147483647;
			files = (
				BC1E46D61B88B99700838AEF /* ReactiveCocoaDemoTests.m in Sources */,
			);
			runOnlyForDeploymentPostprocessing = 0;
		};
/* End PBXSourcesBuildPhase section */

/* Begin PBXTargetDependency section */
		BC1E46D11B88B99700838AEF /* PBXTargetDependency */ = {
			isa = PBXTargetDependency;
			target = BC1E46B51B88B99700838AEF /* ReactiveCocoaDemo */;
			targetProxy = BC1E46D01B88B99700838AEF /* PBXContainerItemProxy */;
		};
/* End PBXTargetDependency section */

/* Begin PBXVariantGroup section */
		BC1E46C31B88B99700838AEF /* Main.storyboard */ = {
			isa = PBXVariantGroup;
			children = (
				BC1E46C41B88B99700838AEF /* Base */,
			);
			name = Main.storyboard;
			sourceTree = "<group>";
		};
		BC1E46C81B88B99700838AEF /* LaunchScreen.xib */ = {
			isa = PBXVariantGroup;
			children = (
				BC1E46C91B88B99700838AEF /* Base */,
			);
			name = LaunchScreen.xib;
			sourceTree = "<group>";
		};
/* End PBXVariantGroup section */

/* Begin XCBuildConfiguration section */
		BC1E46D71B88B99700838AEF /* Debug */ = {
			isa = XCBuildConfiguration;
			buildSettings = {
				ALWAYS_SEARCH_USER_PATHS = NO;
				CLANG_CXX_LANGUAGE_STANDARD = "gnu++0x";
				CLANG_CXX_LIBRARY = "libc++";
				CLANG_ENABLE_MODULES = YES;
				CLANG_ENABLE_OBJC_ARC = YES;
				CLANG_WARN_BOOL_CONVERSION = YES;
				CLANG_WARN_CONSTANT_CONVERSION = YES;
				CLANG_WARN_DIRECT_OBJC_ISA_USAGE = YES_ERROR;
				CLANG_WARN_EMPTY_BODY = YES;
				CLANG_WARN_ENUM_CONVERSION = YES;
				CLANG_WARN_INT_CONVERSION = YES;
				CLANG_WARN_OBJC_ROOT_CLASS = YES_ERROR;
				CLANG_WARN_UNREACHABLE_CODE = YES;
				CLANG_WARN__DUPLICATE_METHOD_MATCH = YES;
				"CODE_SIGN_IDENTITY[sdk=iphoneos*]" = "iPhone Developer";
				COPY_PHASE_STRIP = NO;
				DEBUG_INFORMATION_FORMAT = "dwarf-with-dsym";
				ENABLE_STRICT_OBJC_MSGSEND = YES;
				ENABLE_TESTABILITY = YES;
				GCC_C_LANGUAGE_STANDARD = gnu99;
				GCC_DYNAMIC_NO_PIC = NO;
				GCC_NO_COMMON_BLOCKS = YES;
				GCC_OPTIMIZATION_LEVEL = 0;
				GCC_PREPROCESSOR_DEFINITIONS = (
					"DEBUG=1",
					"$(inherited)",
				);
				GCC_SYMBOLS_PRIVATE_EXTERN = NO;
				GCC_WARN_64_TO_32_BIT_CONVERSION = YES;
				GCC_WARN_ABOUT_RETURN_TYPE = YES_ERROR;
				GCC_WARN_UNDECLARED_SELECTOR = YES;
				GCC_WARN_UNINITIALIZED_AUTOS = YES_AGGRESSIVE;
				GCC_WARN_UNUSED_FUNCTION = YES;
				GCC_WARN_UNUSED_VARIABLE = YES;
				IPHONEOS_DEPLOYMENT_TARGET = 7.0;
				MTL_ENABLE_DEBUG_INFO = YES;
				ONLY_ACTIVE_ARCH = YES;
				SDKROOT = iphoneos;
				TARGETED_DEVICE_FAMILY = "1,2";
			};
			name = Debug;
		};
		BC1E46D81B88B99700838AEF /* Release */ = {
			isa = XCBuildConfiguration;
			buildSettings = {
				ALWAYS_SEARCH_USER_PATHS = NO;
				CLANG_CXX_LANGUAGE_STANDARD = "gnu++0x";
				CLANG_CXX_LIBRARY = "libc++";
				CLANG_ENABLE_MODULES = YES;
				CLANG_ENABLE_OBJC_ARC = YES;
				CLANG_WARN_BOOL_CONVERSION = YES;
				CLANG_WARN_CONSTANT_CONVERSION = YES;
				CLANG_WARN_DIRECT_OBJC_ISA_USAGE = YES_ERROR;
				CLANG_WARN_EMPTY_BODY = YES;
				CLANG_WARN_ENUM_CONVERSION = YES;
				CLANG_WARN_INT_CONVERSION = YES;
				CLANG_WARN_OBJC_ROOT_CLASS = YES_ERROR;
				CLANG_WARN_UNREACHABLE_CODE = YES;
				CLANG_WARN__DUPLICATE_METHOD_MATCH = YES;
				"CODE_SIGN_IDENTITY[sdk=iphoneos*]" = "iPhone Developer";
				COPY_PHASE_STRIP = NO;
				DEBUG_INFORMATION_FORMAT = "dwarf-with-dsym";
				ENABLE_NS_ASSERTIONS = NO;
				ENABLE_STRICT_OBJC_MSGSEND = YES;
				GCC_C_LANGUAGE_STANDARD = gnu99;
				GCC_NO_COMMON_BLOCKS = YES;
				GCC_WARN_64_TO_32_BIT_CONVERSION = YES;
				GCC_WARN_ABOUT_RETURN_TYPE = YES_ERROR;
				GCC_WARN_UNDECLARED_SELECTOR = YES;
				GCC_WARN_UNINITIALIZED_AUTOS = YES_AGGRESSIVE;
				GCC_WARN_UNUSED_FUNCTION = YES;
				GCC_WARN_UNUSED_VARIABLE = YES;
				IPHONEOS_DEPLOYMENT_TARGET = 7.0;
				MTL_ENABLE_DEBUG_INFO = NO;
				SDKROOT = iphoneos;
				TARGETED_DEVICE_FAMILY = "1,2";
				VALIDATE_PRODUCT = YES;
			};
			name = Release;
		};
		BC1E46DA1B88B99700838AEF /* Debug */ = {
			isa = XCBuildConfiguration;
			baseConfigurationReference = E75AFE70085149D2DC735C1F /* Pods-ReactiveCocoaDemo.debug.xcconfig */;
			buildSettings = {
				ASSETCATALOG_COMPILER_APPICON_NAME = AppIcon;
				EMBEDDED_CONTENT_CONTAINS_SWIFT = YES;
				INFOPLIST_FILE = ReactiveCocoaDemo/Info.plist;
				IPHONEOS_DEPLOYMENT_TARGET = 8.0;
				LD_RUNPATH_SEARCH_PATHS = "$(inherited) @executable_path/Frameworks";
				PRODUCT_BUNDLE_IDENTIFIER = "com.zd.$(PRODUCT_NAME:rfc1034identifier)";
				PRODUCT_NAME = "$(TARGET_NAME)";
			};
			name = Debug;
		};
		BC1E46DB1B88B99700838AEF /* Release */ = {
			isa = XCBuildConfiguration;
			baseConfigurationReference = CA14E16FA232FD61FCAE838B /* Pods-ReactiveCocoaDemo.release.xcconfig */;
			buildSettings = {
				ASSETCATALOG_COMPILER_APPICON_NAME = AppIcon;
				EMBEDDED_CONTENT_CONTAINS_SWIFT = YES;
				INFOPLIST_FILE = ReactiveCocoaDemo/Info.plist;
				IPHONEOS_DEPLOYMENT_TARGET = 8.0;
				LD_RUNPATH_SEARCH_PATHS = "$(inherited) @executable_path/Frameworks";
				PRODUCT_BUNDLE_IDENTIFIER = "com.zd.$(PRODUCT_NAME:rfc1034identifier)";
				PRODUCT_NAME = "$(TARGET_NAME)";
			};
			name = Release;
		};
		BC1E46DD1B88B99700838AEF /* Debug */ = {
			isa = XCBuildConfiguration;
			buildSettings = {
				BUNDLE_LOADER = "$(TEST_HOST)";
				FRAMEWORK_SEARCH_PATHS = (
					"$(SDKROOT)/Developer/Library/Frameworks",
					"$(inherited)",
				);
				GCC_PREPROCESSOR_DEFINITIONS = (
					"DEBUG=1",
					"$(inherited)",
				);
				INFOPLIST_FILE = ReactiveCocoaDemoTests/Info.plist;
				LD_RUNPATH_SEARCH_PATHS = "$(inherited) @executable_path/Frameworks @loader_path/Frameworks";
				PRODUCT_BUNDLE_IDENTIFIER = "com.zd.$(PRODUCT_NAME:rfc1034identifier)";
				PRODUCT_NAME = "$(TARGET_NAME)";
				TEST_HOST = "$(BUILT_PRODUCTS_DIR)/ReactiveCocoaDemo.app/ReactiveCocoaDemo";
			};
			name = Debug;
		};
		BC1E46DE1B88B99700838AEF /* Release */ = {
			isa = XCBuildConfiguration;
			buildSettings = {
				BUNDLE_LOADER = "$(TEST_HOST)";
				FRAMEWORK_SEARCH_PATHS = (
					"$(SDKROOT)/Developer/Library/Frameworks",
					"$(inherited)",
				);
				INFOPLIST_FILE = ReactiveCocoaDemoTests/Info.plist;
				LD_RUNPATH_SEARCH_PATHS = "$(inherited) @executable_path/Frameworks @loader_path/Frameworks";
				PRODUCT_BUNDLE_IDENTIFIER = "com.zd.$(PRODUCT_NAME:rfc1034identifier)";
				PRODUCT_NAME = "$(TARGET_NAME)";
				TEST_HOST = "$(BUILT_PRODUCTS_DIR)/ReactiveCocoaDemo.app/ReactiveCocoaDemo";
			};
			name = Release;
		};
/* End XCBuildConfiguration section */

/* Begin XCConfigurationList section */
		BC1E46B11B88B99700838AEF /* Build configuration list for PBXProject "ReactiveCocoaDemo" */ = {
			isa = XCConfigurationList;
			buildConfigurations = (
				BC1E46D71B88B99700838AEF /* Debug */,
				BC1E46D81B88B99700838AEF /* Release */,
			);
			defaultConfigurationIsVisible = 0;
			defaultConfigurationName = Release;
		};
		BC1E46D91B88B99700838AEF /* Build configuration list for PBXNativeTarget "ReactiveCocoaDemo" */ = {
			isa = XCConfigurationList;
			buildConfigurations = (
				BC1E46DA1B88B99700838AEF /* Debug */,
				BC1E46DB1B88B99700838AEF /* Release */,
			);
			defaultConfigurationIsVisible = 0;
			defaultConfigurationName = Release;
		};
		BC1E46DC1B88B99700838AEF /* Build configuration list for PBXNativeTarget "ReactiveCocoaDemoTests" */ = {
			isa = XCConfigurationList;
			buildConfigurations = (
				BC1E46DD1B88B99700838AEF /* Debug */,
				BC1E46DE1B88B99700838AEF /* Release */,
			);
			defaultConfigurationIsVisible = 0;
			defaultConfigurationName = Release;
		};
/* End XCConfigurationList section */
	};
	rootObject = BC1E46AE1B88B99700838AEF /* Project object */;
}
